# This file is automatically @generated by Cargo.
# It is not intended for manual editing.
version = 3

[[package]]
name = "base64"
version = "0.22.1"
source = "registry+https://github.com/rust-lang/crates.io-index"
checksum = "72b3254f16251a8381aa12e40e3c4d2f0199f8c6508fbecb9d91f575e0fbb8c6"

[[package]]
name = "cifg"
version = "1.0.1"
dependencies = [
 "cifg-diag-attr",
]

[[package]]
name = "cifg-diag-attr"
version = "1.0.0"
dependencies = [
 "base64",
 "macro_railroad",
 "proc-macro2",
 "quote",
 "syn",
]

[[package]]
name = "macro_railroad"
version = "0.1.6"
source = "registry+https://github.com/rust-lang/crates.io-index"
checksum = "1f81b44f013c04e10fba66da6739d1943bba1f698d20907dd7c01f03b2857101"
dependencies = [
 "proc-macro2",
 "railroad",
 "syn",
]

[[package]]
name = "proc-macro2"
version = "1.0.86"
source = "registry+https://github.com/rust-lang/crates.io-index"
checksum = "5e719e8df665df0d1c8fbfd238015744736151d4445ec0836b8e628aae103b77"
dependencies = [
 "unicode-ident",
]

[[package]]
name = "quote"
version = "1.0.36"
source = "registry+https://github.com/rust-lang/crates.io-index"
checksum = "0fa76aaf39101c457836aec0ce2316dbdc3ab723cdda1c6bd4e6ad4208acaca7"
dependencies = [
 "proc-macro2",
]

[[package]]
name = "railroad"
version = "0.3.1"
source = "registry+https://github.com/rust-lang/crates.io-index"
checksum = "dabeece31fd78966503ec94c745c557587344a67e7f7af6fac2f22c969c78892"
dependencies = [
 "unicode-width",
]

[[package]]
name = "syn"
version = "2.0.71"
source = "registry+https://github.com/rust-lang/crates.io-index"
checksum = "b146dcf730474b4bcd16c311627b31ede9ab149045db4d6088b3becaea046462"
dependencies = [
 "proc-macro2",
 "quote",
 "unicode-ident",
]

[[package]]
name = "unicode-ident"
version = "1.0.12"
source = "registry+https://github.com/rust-lang/crates.io-index"
checksum = "3354b9ac3fae1ff6755cb6db53683adb661634f67557942dea4facebec0fee4b"

[[package]]
name = "unicode-width"
version = "0.1.13"
source = "registry+https://github.com/rust-lang/crates.io-index"
checksum = "0336d538f7abc86d282a4189614dfaa90810dfc2c6f6427eaf88e16311dd225d"
